# THIS IS AN AUTOGENERATED FILE. DO NOT EDIT THIS FILE DIRECTLY.
# yarn lockfile v1


web-component-hydration@^1.0.0:
  version "1.0.5"
  resolved "https://registry.yarnpkg.com/web-component-hydration/-/web-component-hydration-1.0.5.tgz#d1c0cf95b27856bf99686e9accb89611a42eabe1"
  integrity sha512-WsJnGk3Ldt7apjmZxTbWn/r6sJbS7a6JDORvGKSa5xjUEwINcGQPhq8EowGSxP1h0IJag3DpMCF2RJuXPGBVog==
